
Microsoft Visual Studio Solution File, Format Version 12.00
# Visual Studio Version 16
VisualStudioVersion = 16.0.31424.327
MinimumVisualStudioVersion = 10.0.40219.1
Project("{9A19103F-16F7-4668-BE54-9A1E7A4F7556}") = "WebApplication", "WebApplication\WebApplication.csproj", "{992EAA5F-A1B4-4A47-AAD5-7B0F7C78EB8C}"
EndProject
Project("{9A19103F-16F7-4668-BE54-9A1E7A4F7556}") = "MvcStudyFu.Common", "MvcStudyFu.Common\MvcStudyFu.Common.csproj", "{F185868A-5976-4ABA-996E-CCCF434ECFAD}"
EndProject
Project("{9A19103F-16F7-4668-BE54-9A1E7A4F7556}") = "MvcStudyFu.Interface", "MvcStudyFu.Interface\MvcStudyFu.Interface.csproj", "{B81E0546-4840-4DB0-8453-5B375DC46ADF}"
EndProject
Project("{9A19103F-16F7-4668-BE54-9A1E7A4F7556}") = "MvcStudyFu.Services", "MvcStudyFu.Services\MvcStudyFu.Services.csproj", "{B0E5856F-DCB8-4097-A248-D1223359CF58}"
EndProject
Project("{9A19103F-16F7-4668-BE54-9A1E7A4F7556}") = "MvcStudyFu.EFCore.SQLSever", "MvcStudyFu.EFCore.SQLSever\MvcStudyFu.EFCore.SQLSever.csproj", "{BD2D88B9-B0F7-4A04-BF80-58A07879D9AA}"
EndProject
Project("{9A19103F-16F7-4668-BE54-9A1E7A4F7556}") = "StudyMVCFu.Model", "StudyMVCFu.Model\StudyMVCFu.Model.csproj", "{6BC7BF3E-6141-4E93-9126-5F4CE00F5DC2}"
EndProject
Project("{2150E333-8FDC-42A3-9474-1A3956D46DE8}") = "1-UI", "1-UI", "{7CEE086D-2DD2-4A00-ADF9-D742E2B4BE50}"
EndProject
Project("{2150E333-8FDC-42A3-9474-1A3956D46DE8}") = "2-BLL", "2-BLL", "{076A8BBE-2156-43AD-BBB5-8B972CBD71E2}"
EndProject
Project("{2150E333-8FDC-42A3-9474-1A3956D46DE8}") = "4-Uility", "4-Uility", "{4CD7E9A4-1447-4277-A14B-641F9211E8C8}"
EndProject
Project("{2150E333-8FDC-42A3-9474-1A3956D46DE8}") = "3-DAL", "3-DAL", "{DE9FBADD-0747-46FC-9400-B927FAF8451A}"
EndProject
Global
	GlobalSection(SolutionConfigurationPlatforms) = preSolution
		Debug|Any CPU = Debug|Any CPU
		Release|Any CPU = Release|Any CPU
	EndGlobalSection
	GlobalSection(ProjectConfigurationPlatforms) = postSolution
		{992EAA5F-A1B4-4A47-AAD5-7B0F7C78EB8C}.Debug|Any CPU.ActiveCfg = Debug|Any CPU
		{992EAA5F-A1B4-4A47-AAD5-7B0F7C78EB8C}.Debug|Any CPU.Build.0 = Debug|Any CPU
		{992EAA5F-A1B4-4A47-AAD5-7B0F7C78EB8C}.Release|Any CPU.ActiveCfg = Release|Any CPU
		{992EAA5F-A1B4-4A47-AAD5-7B0F7C78EB8C}.Release|Any CPU.Build.0 = Release|Any CPU
		{F185868A-5976-4ABA-996E-CCCF434ECFAD}.Debug|Any CPU.ActiveCfg = Debug|Any CPU
		{F185868A-5976-4ABA-996E-CCCF434ECFAD}.Debug|Any CPU.Build.0 = Debug|Any CPU
		{F185868A-5976-4ABA-996E-CCCF434ECFAD}.Release|Any CPU.ActiveCfg = Release|Any CPU
		{F185868A-5976-4ABA-996E-CCCF434ECFAD}.Release|Any CPU.Build.0 = Release|Any CPU
		{B81E0546-4840-4DB0-8453-5B375DC46ADF}.Debug|Any CPU.ActiveCfg = Debug|Any CPU
		{B81E0546-4840-4DB0-8453-5B375DC46ADF}.Debug|Any CPU.Build.0 = Debug|Any CPU
		{B81E0546-4840-4DB0-8453-5B375DC46ADF}.Release|Any CPU.ActiveCfg = Release|Any CPU
		{B81E0546-4840-4DB0-8453-5B375DC46ADF}.Release|Any CPU.Build.0 = Release|Any CPU
		{B0E5856F-DCB8-4097-A248-D1223359CF58}.Debug|Any CPU.ActiveCfg = Debug|Any CPU
		{B0E5856F-DCB8-4097-A248-D1223359CF58}.Debug|Any CPU.Build.0 = Debug|Any CPU
		{B0E5856F-DCB8-4097-A248-D1223359CF58}.Release|Any CPU.ActiveCfg = Release|Any CPU
		{B0E5856F-DCB8-4097-A248-D1223359CF58}.Release|Any CPU.Build.0 = Release|Any CPU
		{BD2D88B9-B0F7-4A04-BF80-58A07879D9AA}.Debug|Any CPU.ActiveCfg = Debug|Any CPU
		{BD2D88B9-B0F7-4A04-BF80-58A07879D9AA}.Debug|Any CPU.Build.0 = Debug|Any CPU
		{BD2D88B9-B0F7-4A04-BF80-58A07879D9AA}.Release|Any CPU.ActiveCfg = Release|Any CPU
		{BD2D88B9-B0F7-4A04-BF80-58A07879D9AA}.Release|Any CPU.Build.0 = Release|Any CPU
		{6BC7BF3E-6141-4E93-9126-5F4CE00F5DC2}.Debug|Any CPU.ActiveCfg = Debug|Any CPU
		{6BC7BF3E-6141-4E93-9126-5F4CE00F5DC2}.Debug|Any CPU.Build.0 = Debug|Any CPU
		{6BC7BF3E-6141-4E93-9126-5F4CE00F5DC2}.Release|Any CPU.ActiveCfg = Release|Any CPU
		{6BC7BF3E-6141-4E93-9126-5F4CE00F5DC2}.Release|Any CPU.Build.0 = Release|Any CPU
	EndGlobalSection
	GlobalSection(SolutionProperties) = preSolution
		HideSolutionNode = FALSE
	EndGlobalSection
	GlobalSection(NestedProjects) = preSolution
		{992EAA5F-A1B4-4A47-AAD5-7B0F7C78EB8C} = {7CEE086D-2DD2-4A00-ADF9-D742E2B4BE50}
		{F185868A-5976-4ABA-996E-CCCF434ECFAD} = {4CD7E9A4-1447-4277-A14B-641F9211E8C8}
		{B81E0546-4840-4DB0-8453-5B375DC46ADF} = {076A8BBE-2156-43AD-BBB5-8B972CBD71E2}
		{B0E5856F-DCB8-4097-A248-D1223359CF58} = {076A8BBE-2156-43AD-BBB5-8B972CBD71E2}
		{BD2D88B9-B0F7-4A04-BF80-58A07879D9AA} = {DE9FBADD-0747-46FC-9400-B927FAF8451A}
		{6BC7BF3E-6141-4E93-9126-5F4CE00F5DC2} = {4CD7E9A4-1447-4277-A14B-641F9211E8C8}
	EndGlobalSection
	GlobalSection(ExtensibilityGlobals) = postSolution
		SolutionGuid = {A426BA61-B781-49E7-A39F-929EC7C4E664}
	EndGlobalSection
EndGlobal
