
Microsoft Visual Studio Solution File, Format Version 12.00
# Visual Studio Version 16
VisualStudioVersion = 16.0.31424.327
MinimumVisualStudioVersion = 10.0.40219.1
Project("{9A19103F-16F7-4668-BE54-9A1E7A4F7556}") = "WebApplication", "WebApplication\WebApplication.csproj", "{992EAA5F-A1B4-4A47-AAD5-7B0F7C78EB8C}"
EndProject
Project("{9A19103F-16F7-4668-BE54-9A1E7A4F7556}") = "MvcStudyFu.Common", "MvcStudyFu.Common\MvcStudyFu.Common.csproj", "{F185868A-5976-4ABA-996E-CCCF434ECFAD}"
EndProject
Project("{9A19103F-16F7-4668-BE54-9A1E7A4F7556}") = "MvcStudyFu.Interface", "MvcStudyFu.Interface\MvcStudyFu.Interface.csproj", "{B81E0546-4840-4DB0-8453-5B375DC46ADF}"
EndProject
Project("{9A19103F-16F7-4668-BE54-9A1E7A4F7556}") = "MvcStudyFu.Services", "MvcStudyFu.Services\MvcStudyFu.Services.csproj", "{B0E5856F-DCB8-4097-A248-D1223359CF58}"
EndProject
Project("{9A19103F-16F7-4668-BE54-9A1E7A4F7556}") = "MvcStudyFu.EFCore.SQLSever", "MvcStudyFu.EFCore.SQLSever\MvcStudyFu.EFCore.SQLSever.csproj", "{BD2D88B9-B0F7-4A04-BF80-58A07879D9AA}"
EndProject
Project("{FAE04EC0-301F-11D3-BF4B-00C04F79EFBC}") = "StudyMVCFu.Model", "StudyMVCFu.Model\StudyMVCFu.Model.csproj", "{6BC7BF3E-6141-4E93-9126-5F4CE00F5DC2}"
EndProject
Global
	GlobalSection(SolutionConfigurationPlatforms) = preSolution
		Debug|Any CPU = Debug|Any CPU
		Release|Any CPU = Release|Any CPU
	EndGlobalSection
	GlobalSection(ProjectConfigurationPlatforms) = postSolution
		{992EAA5F-A1B4-4A47-AAD5-7B0F7C78EB8C}.Debug|Any CPU.ActiveCfg = Debug|Any CPU
		{992EAA5F-A1B4-4A47-AAD5-7B0F7C78EB8C}.Debug|Any CPU.Build.0 = Debug|Any CPU
		{992EAA5F-A1B4-4A47-AAD5-7B0F7C78EB8C}.Release|Any CPU.ActiveCfg = Release|Any CPU
		{992EAA5F-A1B4-4A47-AAD5-7B0F7C78EB8C}.Release|Any CPU.Build.0 = Release|Any CPU
		{F185868A-5976-4ABA-996E-CCCF434ECFAD}.Debug|Any CPU.ActiveCfg = Debug|Any CPU
		{F185868A-5976-4ABA-996E-CCCF434ECFAD}.Debug|Any CPU.Build.0 = Debug|Any CPU
		{F185868A-5976-4ABA-996E-CCCF434ECFAD}.Release|Any CPU.ActiveCfg = Release|Any CPU
		{F185868A-5976-4ABA-996E-CCCF434ECFAD}.Release|Any CPU.Build.0 = Release|Any CPU
		{B81E0546-4840-4DB0-8453-5B375DC46ADF}.Debug|Any CPU.ActiveCfg = Debug|Any CPU
		{B81E0546-4840-4DB0-8453-5B375DC46ADF}.Debug|Any CPU.Build.0 = Debug|Any CPU
		{B81E0546-4840-4DB0-8453-5B375DC46ADF}.Release|Any CPU.ActiveCfg = Release|Any CPU
		{B81E0546-4840-4DB0-8453-5B375DC46ADF}.Release|Any CPU.Build.0 = Release|Any CPU
		{B0E5856F-DCB8-4097-A248-D1223359CF58}.Debug|Any CPU.ActiveCfg = Debug|Any CPU
		{B0E5856F-DCB8-4097-A248-D1223359CF58}.Debug|Any CPU.Build.0 = Debug|Any CPU
		{B0E5856F-DCB8-4097-A248-D1223359CF58}.Release|Any CPU.ActiveCfg = Release|Any CPU
		{B0E5856F-DCB8-4097-A248-D1223359CF58}.Release|Any CPU.Build.0 = Release|Any CPU
		{BD2D88B9-B0F7-4A04-BF80-58A07879D9AA}.Debug|Any CPU.ActiveCfg = Debug|Any CPU
		{BD2D88B9-B0F7-4A04-BF80-58A07879D9AA}.Debug|Any CPU.Build.0 = Debug|Any CPU
		{BD2D88B9-B0F7-4A04-BF80-58A07879D9AA}.Release|Any CPU.ActiveCfg = Release|Any CPU
		{BD2D88B9-B0F7-4A04-BF80-58A07879D9AA}.Release|Any CPU.Build.0 = Release|Any CPU
		{6BC7BF3E-6141-4E93-9126-5F4CE00F5DC2}.Debug|Any CPU.ActiveCfg = Debug|Any CPU
		{6BC7BF3E-6141-4E93-9126-5F4CE00F5DC2}.Debug|Any CPU.Build.0 = Debug|Any CPU
		{6BC7BF3E-6141-4E93-9126-5F4CE00F5DC2}.Release|Any CPU.ActiveCfg = Release|Any CPU
		{6BC7BF3E-6141-4E93-9126-5F4CE00F5DC2}.Release|Any CPU.Build.0 = Release|Any CPU
	EndGlobalSection
	GlobalSection(SolutionProperties) = preSolution
		HideSolutionNode = FALSE
	EndGlobalSection
	GlobalSection(ExtensibilityGlobals) = postSolution
		SolutionGuid = {A426BA61-B781-49E7-A39F-929EC7C4E664}
	EndGlobalSection
EndGlobal
